
Microsoft Visual Studio Solution File, Format Version 12.00
# Visual Studio Version 17
VisualStudioVersion = 17.6.33723.286
MinimumVisualStudioVersion = 10.0.40219.1
Project("{FAE04EC0-301F-11D3-BF4B-00C04F79EFBC}") = "NasaApodClient", "NasaApodClient\NasaApodClient.csproj", "{AC4BD39D-A8A7-4088-8BB6-BF102EB9C49A}"
EndProject
Global
	GlobalSection(SolutionConfigurationPlatforms) = preSolution
		Debug|Any CPU = Debug|Any CPU
		Release|Any CPU = Release|Any CPU
	EndGlobalSection
	GlobalSection(ProjectConfigurationPlatforms) = postSolution
		{AC4BD39D-A8A7-4088-8BB6-BF102EB9C49A}.Debug|Any CPU.ActiveCfg = Debug|Any CPU
		{AC4BD39D-A8A7-4088-8BB6-BF102EB9C49A}.Debug|Any CPU.Build.0 = Debug|Any CPU
		{AC4BD39D-A8A7-4088-8BB6-BF102EB9C49A}.Release|Any CPU.ActiveCfg = Release|Any CPU
		{AC4BD39D-A8A7-4088-8BB6-BF102EB9C49A}.Release|Any CPU.Build.0 = Release|Any CPU
	EndGlobalSection
	GlobalSection(SolutionProperties) = preSolution
		HideSolutionNode = FALSE
	EndGlobalSection
	GlobalSection(ExtensibilityGlobals) = postSolution
		SolutionGuid = {62E9BBC7-9D51-47E1-AC1D-3344C7EBE900}
	EndGlobalSection
EndGlobal
